
Microsoft Visual Studio Solution File, Format Version 12.00
# Visual Studio Version 17
VisualStudioVersion = 17.14.37502.11 d17.14
MinimumVisualStudioVersion = 10.0.40219.1
Project("{FAE04EC0-301F-11D3-BF4B-00C04F79EFBC}") = "EJERCICIO_SEMANA4", "EJERCICIO_SEMANA4.csproj", "{203C6061-3728-467C-B7DB-A1F6A8120CFE}"
EndProject
Global
	GlobalSection(SolutionConfigurationPlatforms) = preSolution
		Debug|Any CPU = Debug|Any CPU
		Release|Any CPU = Release|Any CPU
	EndGlobalSection
	GlobalSection(ProjectConfigurationPlatforms) = postSolution
		{203C6061-3728-467C-B7DB-A1F6A8120CFE}.Debug|Any CPU.ActiveCfg = Debug|Any CPU
		{203C6061-3728-467C-B7DB-A1F6A8120CFE}.Debug|Any CPU.Build.0 = Debug|Any CPU
		{203C6061-3728-467C-B7DB-A1F6A8120CFE}.Release|Any CPU.ActiveCfg = Release|Any CPU
		{203C6061-3728-467C-B7DB-A1F6A8120CFE}.Release|Any CPU.Build.0 = Release|Any CPU
	EndGlobalSection
	GlobalSection(SolutionProperties) = preSolution
		HideSolutionNode = FALSE
	EndGlobalSection
	GlobalSection(ExtensibilityGlobals) = postSolution
		SolutionGuid = {2D3844A6-3EB3-4BD6-A477-EF94A6E21884}
	EndGlobalSection
EndGlobal
